
Microsoft Visual Studio Solution File, Format Version 12.00
# Visual Studio 15
VisualStudioVersion = 15.0.26124.0
MinimumVisualStudioVersion = 15.0.26124.0
Project("{FAE04EC0-301F-11D3-BF4B-00C04F79EFBC}") = "Core", "Core\Core.csproj", "{6D362487-A72F-4977-A124-76BBC268B4EB}"
EndProject
Project("{FAE04EC0-301F-11D3-BF4B-00C04F79EFBC}") = "Repositorio", "Repositorio\Repositorio.csproj", "{D9AD0CF6-D907-4E5C-B5C2-795799213EC1}"
EndProject
Project("{FAE04EC0-301F-11D3-BF4B-00C04F79EFBC}") = "Api", "Api\Api.csproj", "{EC8B62BF-5B34-41AD-AC5E-A6599FC02D86}"
EndProject
Global
	GlobalSection(SolutionConfigurationPlatforms) = preSolution
		Debug|Any CPU = Debug|Any CPU
		Debug|x64 = Debug|x64
		Debug|x86 = Debug|x86
		Release|Any CPU = Release|Any CPU
		Release|x64 = Release|x64
		Release|x86 = Release|x86
	EndGlobalSection
	GlobalSection(SolutionProperties) = preSolution
		HideSolutionNode = FALSE
	EndGlobalSection
	GlobalSection(ProjectConfigurationPlatforms) = postSolution
		{6D362487-A72F-4977-A124-76BBC268B4EB}.Debug|Any CPU.ActiveCfg = Debug|Any CPU
		{6D362487-A72F-4977-A124-76BBC268B4EB}.Debug|Any CPU.Build.0 = Debug|Any CPU
		{6D362487-A72F-4977-A124-76BBC268B4EB}.Debug|x64.ActiveCfg = Debug|Any CPU
		{6D362487-A72F-4977-A124-76BBC268B4EB}.Debug|x64.Build.0 = Debug|Any CPU
		{6D362487-A72F-4977-A124-76BBC268B4EB}.Debug|x86.ActiveCfg = Debug|Any CPU
		{6D362487-A72F-4977-A124-76BBC268B4EB}.Debug|x86.Build.0 = Debug|Any CPU
		{6D362487-A72F-4977-A124-76BBC268B4EB}.Release|Any CPU.ActiveCfg = Release|Any CPU
		{6D362487-A72F-4977-A124-76BBC268B4EB}.Release|Any CPU.Build.0 = Release|Any CPU
		{6D362487-A72F-4977-A124-76BBC268B4EB}.Release|x64.ActiveCfg = Release|Any CPU
		{6D362487-A72F-4977-A124-76BBC268B4EB}.Release|x64.Build.0 = Release|Any CPU
		{6D362487-A72F-4977-A124-76BBC268B4EB}.Release|x86.ActiveCfg = Release|Any CPU
		{6D362487-A72F-4977-A124-76BBC268B4EB}.Release|x86.Build.0 = Release|Any CPU
		{D9AD0CF6-D907-4E5C-B5C2-795799213EC1}.Debug|Any CPU.ActiveCfg = Debug|Any CPU
		{D9AD0CF6-D907-4E5C-B5C2-795799213EC1}.Debug|Any CPU.Build.0 = Debug|Any CPU
		{D9AD0CF6-D907-4E5C-B5C2-795799213EC1}.Debug|x64.ActiveCfg = Debug|Any CPU
		{D9AD0CF6-D907-4E5C-B5C2-795799213EC1}.Debug|x64.Build.0 = Debug|Any CPU
		{D9AD0CF6-D907-4E5C-B5C2-795799213EC1}.Debug|x86.ActiveCfg = Debug|Any CPU
		{D9AD0CF6-D907-4E5C-B5C2-795799213EC1}.Debug|x86.Build.0 = Debug|Any CPU
		{D9AD0CF6-D907-4E5C-B5C2-795799213EC1}.Release|Any CPU.ActiveCfg = Release|Any CPU
		{D9AD0CF6-D907-4E5C-B5C2-795799213EC1}.Release|Any CPU.Build.0 = Release|Any CPU
		{D9AD0CF6-D907-4E5C-B5C2-795799213EC1}.Release|x64.ActiveCfg = Release|Any CPU
		{D9AD0CF6-D907-4E5C-B5C2-795799213EC1}.Release|x64.Build.0 = Release|Any CPU
		{D9AD0CF6-D907-4E5C-B5C2-795799213EC1}.Release|x86.ActiveCfg = Release|Any CPU
		{D9AD0CF6-D907-4E5C-B5C2-795799213EC1}.Release|x86.Build.0 = Release|Any CPU
		{EC8B62BF-5B34-41AD-AC5E-A6599FC02D86}.Debug|Any CPU.ActiveCfg = Debug|Any CPU
		{EC8B62BF-5B34-41AD-AC5E-A6599FC02D86}.Debug|Any CPU.Build.0 = Debug|Any CPU
		{EC8B62BF-5B34-41AD-AC5E-A6599FC02D86}.Debug|x64.ActiveCfg = Debug|Any CPU
		{EC8B62BF-5B34-41AD-AC5E-A6599FC02D86}.Debug|x64.Build.0 = Debug|Any CPU
		{EC8B62BF-5B34-41AD-AC5E-A6599FC02D86}.Debug|x86.ActiveCfg = Debug|Any CPU
		{EC8B62BF-5B34-41AD-AC5E-A6599FC02D86}.Debug|x86.Build.0 = Debug|Any CPU
		{EC8B62BF-5B34-41AD-AC5E-A6599FC02D86}.Release|Any CPU.ActiveCfg = Release|Any CPU
		{EC8B62BF-5B34-41AD-AC5E-A6599FC02D86}.Release|Any CPU.Build.0 = Release|Any CPU
		{EC8B62BF-5B34-41AD-AC5E-A6599FC02D86}.Release|x64.ActiveCfg = Release|Any CPU
		{EC8B62BF-5B34-41AD-AC5E-A6599FC02D86}.Release|x64.Build.0 = Release|Any CPU
		{EC8B62BF-5B34-41AD-AC5E-A6599FC02D86}.Release|x86.ActiveCfg = Release|Any CPU
		{EC8B62BF-5B34-41AD-AC5E-A6599FC02D86}.Release|x86.Build.0 = Release|Any CPU
	EndGlobalSection
EndGlobal
